// !$*UTF8*$!
{
	archiveVersion = 1;
	classes = {
	};
	objectVersion = 46;
	objects = {

/* Begin PBXBuildFile section */
		8272FE251C65D4A600AE8DD0 /* AppDelegate.swift in Sources */ = {isa = PBXBuildFile; fileRef = 8272FE241C65D4A600AE8DD0 /* AppDelegate.swift */; };
		8272FE271C65D4A600AE8DD0 /* ViewController.swift in Sources */ = {isa = PBXBuildFile; fileRef = 8272FE261C65D4A600AE8DD0 /* ViewController.swift */; };
		8272FE2A1C65D4A600AE8DD0 /* Main.storyboard in Resources */ = {isa = PBXBuildFile; fileRef = 8272FE281C65D4A600AE8DD0 /* Main.storyboard */; };
		8272FE2C1C65D4A600AE8DD0 /* Assets.xcassets in Resources */ = {isa = PBXBuildFile; fileRef = 8272FE2B1C65D4A600AE8DD0 /* Assets.xcassets */; };
		8272FE2F1C65D4A600AE8DD0 /* LaunchScreen.storyboard in Resources */ = {isa = PBXBuildFile; fileRef = 8272FE2D1C65D4A600AE8DD0 /* LaunchScreen.storyboard */; };
		8272FE5B1C65D50800AE8DD0 /* _clear.png in Resources */ = {isa = PBXBuildFile; fileRef = 8272FE381C65D50800AE8DD0 /* _clear.png */; };
		8272FE5C1C65D50800AE8DD0 /* black.png in Resources */ = {isa = PBXBuildFile; fileRef = 8272FE391C65D50800AE8DD0 /* black.png */; };
		8272FE5D1C65D50800AE8DD0 /* b1.png in Resources */ = {isa = PBXBuildFile; fileRef = 8272FE3C1C65D50800AE8DD0 /* b1.png */; };
		8272FE5E1C65D50800AE8DD0 /* b2.png in Resources */ = {isa = PBXBuildFile; fileRef = 8272FE3D1C65D50800AE8DD0 /* b2.png */; };
		8272FE5F1C65D50800AE8DD0 /* b3.png in Resources */ = {isa = PBXBuildFile; fileRef = 8272FE3E1C65D50800AE8DD0 /* b3.png */; };
		8272FE601C65D50800AE8DD0 /* b4.png in Resources */ = {isa = PBXBuildFile; fileRef = 8272FE3F1C65D50800AE8DD0 /* b4.png */; };
		8272FE611C65D50800AE8DD0 /* b5.png in Resources */ = {isa = PBXBuildFile; fileRef = 8272FE401C65D50800AE8DD0 /* b5.png */; };
		8272FE621C65D50800AE8DD0 /* b6.png in Resources */ = {isa = PBXBuildFile; fileRef = 8272FE411C65D50800AE8DD0 /* b6.png */; };
		8272FE631C65D50800AE8DD0 /* b7.png in Resources */ = {isa = PBXBuildFile; fileRef = 8272FE421C65D50800AE8DD0 /* b7.png */; };
		8272FE641C65D50800AE8DD0 /* b8.png in Resources */ = {isa = PBXBuildFile; fileRef = 8272FE431C65D50800AE8DD0 /* b8.png */; };
		8272FE651C65D50800AE8DD0 /* b9.png in Resources */ = {isa = PBXBuildFile; fileRef = 8272FE441C65D50800AE8DD0 /* b9.png */; };
		8272FE661C65D50800AE8DD0 /* g1.png in Resources */ = {isa = PBXBuildFile; fileRef = 8272FE461C65D50800AE8DD0 /* g1.png */; };
		8272FE671C65D50800AE8DD0 /* g2.png in Resources */ = {isa = PBXBuildFile; fileRef = 8272FE471C65D50800AE8DD0 /* g2.png */; };
		8272FE681C65D50800AE8DD0 /* g3.png in Resources */ = {isa = PBXBuildFile; fileRef = 8272FE481C65D50800AE8DD0 /* g3.png */; };
		8272FE691C65D50800AE8DD0 /* g4.png in Resources */ = {isa = PBXBuildFile; fileRef = 8272FE491C65D50800AE8DD0 /* g4.png */; };
		8272FE6A1C65D50800AE8DD0 /* g5.png in Resources */ = {isa = PBXBuildFile; fileRef = 8272FE4A1C65D50800AE8DD0 /* g5.png */; };
		8272FE6B1C65D50800AE8DD0 /* g6.png in Resources */ = {isa = PBXBuildFile; fileRef = 8272FE4B1C65D50800AE8DD0 /* g6.png */; };
		8272FE6C1C65D50800AE8DD0 /* g7.png in Resources */ = {isa = PBXBuildFile; fileRef = 8272FE4C1C65D50800AE8DD0 /* g7.png */; };
		8272FE6D1C65D50800AE8DD0 /* g8.png in Resources */ = {isa = PBXBuildFile; fileRef = 8272FE4D1C65D50800AE8DD0 /* g8.png */; };
		8272FE6E1C65D50800AE8DD0 /* g9.png in Resources */ = {isa = PBXBuildFile; fileRef = 8272FE4E1C65D50800AE8DD0 /* g9.png */; };
		8272FE6F1C65D50800AE8DD0 /* r1.png in Resources */ = {isa = PBXBuildFile; fileRef = 8272FE501C65D50800AE8DD0 /* r1.png */; };
		8272FE701C65D50800AE8DD0 /* r2.png in Resources */ = {isa = PBXBuildFile; fileRef = 8272FE511C65D50800AE8DD0 /* r2.png */; };
		8272FE711C65D50800AE8DD0 /* r3.png in Resources */ = {isa = PBXBuildFile; fileRef = 8272FE521C65D50800AE8DD0 /* r3.png */; };
		8272FE721C65D50800AE8DD0 /* r4.png in Resources */ = {isa = PBXBuildFile; fileRef = 8272FE531C65D50800AE8DD0 /* r4.png */; };
		8272FE731C65D50800AE8DD0 /* r5.png in Resources */ = {isa = PBXBuildFile; fileRef = 8272FE541C65D50800AE8DD0 /* r5.png */; };
		8272FE741C65D50800AE8DD0 /* r6.png in Resources */ = {isa = PBXBuildFile; fileRef = 8272FE551C65D50800AE8DD0 /* r6.png */; };
		8272FE751C65D50800AE8DD0 /* r7.png in Resources */ = {isa = PBXBuildFile; fileRef = 8272FE561C65D50800AE8DD0 /* r7.png */; };
		8272FE761C65D50800AE8DD0 /* r8.png in Resources */ = {isa = PBXBuildFile; fileRef = 8272FE571C65D50800AE8DD0 /* r8.png */; };
		8272FE771C65D50800AE8DD0 /* r9.png in Resources */ = {isa = PBXBuildFile; fileRef = 8272FE581C65D50800AE8DD0 /* r9.png */; };
		8272FE781C65D50800AE8DD0 /* start.png in Resources */ = {isa = PBXBuildFile; fileRef = 8272FE591C65D50800AE8DD0 /* start.png */; };
		8272FE791C65D50800AE8DD0 /* topBtn.png in Resources */ = {isa = PBXBuildFile; fileRef = 8272FE5A1C65D50800AE8DD0 /* topBtn.png */; };
		8272FE7B1C65D69400AE8DD0 /* GameViewController.swift in Sources */ = {isa = PBXBuildFile; fileRef = 8272FE7A1C65D69400AE8DD0 /* GameViewController.swift */; };
/* End PBXBuildFile section */

/* Begin PBXFileReference section */
		8272FE211C65D4A600AE8DD0 /* SimpleTouchTheNumber.app */ = {isa = PBXFileReference; explicitFileType = wrapper.application; includeInIndex = 0; path = SimpleTouchTheNumber.app; sourceTree = BUILT_PRODUCTS_DIR; };
		8272FE241C65D4A600AE8DD0 /* AppDelegate.swift */ = {isa = PBXFileReference; lastKnownFileType = sourcecode.swift; path = AppDelegate.swift; sourceTree = "<group>"; };
		8272FE261C65D4A600AE8DD0 /* ViewController.swift */ = {isa = PBXFileReference; lastKnownFileType = sourcecode.swift; path = ViewController.swift; sourceTree = "<group>"; };
		8272FE291C65D4A600AE8DD0 /* Base */ = {isa = PBXFileReference; lastKnownFileType = file.storyboard; name = Base; path = Base.lproj/Main.storyboard; sourceTree = "<group>"; };
		8272FE2B1C65D4A600AE8DD0 /* Assets.xcassets */ = {isa = PBXFileReference; lastKnownFileType = folder.assetcatalog; path = Assets.xcassets; sourceTree = "<group>"; };
		8272FE2E1C65D4A600AE8DD0 /* Base */ = {isa = PBXFileReference; lastKnownFileType = file.storyboard; name = Base; path = Base.lproj/LaunchScreen.storyboard; sourceTree = "<group>"; };
		8272FE301C65D4A600AE8DD0 /* Info.plist */ = {isa = PBXFileReference; lastKnownFileType = text.plist.xml; path = Info.plist; sourceTree = "<group>"; };
		8272FE381C65D50800AE8DD0 /* _clear.png */ = {isa = PBXFileReference; lastKnownFileType = image.png; path = _clear.png; sourceTree = "<group>"; };
		8272FE391C65D50800AE8DD0 /* black.png */ = {isa = PBXFileReference; lastKnownFileType = image.png; path = black.png; sourceTree = "<group>"; };
		8272FE3C1C65D50800AE8DD0 /* b1.png */ = {isa = PBXFileReference; lastKnownFileType = image.png; path = b1.png; sourceTree = "<group>"; };
		8272FE3D1C65D50800AE8DD0 /* b2.png */ = {isa = PBXFileReference; lastKnownFileType = image.png; path = b2.png; sourceTree = "<group>"; };
		8272FE3E1C65D50800AE8DD0 /* b3.png */ = {isa = PBXFileReference; lastKnownFileType = image.png; path = b3.png; sourceTree = "<group>"; };
		8272FE3F1C65D50800AE8DD0 /* b4.png */ = {isa = PBXFileReference; lastKnownFileType = image.png; path = b4.png; sourceTree = "<group>"; };
		8272FE401C65D50800AE8DD0 /* b5.png */ = {isa = PBXFileReference; lastKnownFileType = image.png; path = b5.png; sourceTree = "<group>"; };
		8272FE411C65D50800AE8DD0 /* b6.png */ = {isa = PBXFileReference; lastKnownFileType = image.png; path = b6.png; sourceTree = "<group>"; };
		8272FE421C65D50800AE8DD0 /* b7.png */ = {isa = PBXFileReference; lastKnownFileType = image.png; path = b7.png; sourceTree = "<group>"; };
		8272FE431C65D50800AE8DD0 /* b8.png */ = {isa = PBXFileReference; lastKnownFileType = image.png; path = b8.png; sourceTree = "<group>"; };
		8272FE441C65D50800AE8DD0 /* b9.png */ = {isa = PBXFileReference; lastKnownFileType = image.png; path = b9.png; sourceTree = "<group>"; };
		8272FE461C65D50800AE8DD0 /* g1.png */ = {isa = PBXFileReference; lastKnownFileType = image.png; path = g1.png; sourceTree = "<group>"; };
		8272FE471C65D50800AE8DD0 /* g2.png */ = {isa = PBXFileReference; lastKnownFileType = image.png; path = g2.png; sourceTree = "<group>"; };
		8272FE481C65D50800AE8DD0 /* g3.png */ = {isa = PBXFileReference; lastKnownFileType = image.png; path = g3.png; sourceTree = "<group>"; };
		8272FE491C65D50800AE8DD0 /* g4.png */ = {isa = PBXFileReference; lastKnownFileType = image.png; path = g4.png; sourceTree = "<group>"; };
		8272FE4A1C65D50800AE8DD0 /* g5.png */ = {isa = PBXFileReference; lastKnownFileType = image.png; path = g5.png; sourceTree = "<group>"; };
		8272FE4B1C65D50800AE8DD0 /* g6.png */ = {isa = PBXFileReference; lastKnownFileType = image.png; path = g6.png; sourceTree = "<group>"; };
		8272FE4C1C65D50800AE8DD0 /* g7.png */ = {isa = PBXFileReference; lastKnownFileType = image.png; path = g7.png; sourceTree = "<group>"; };
		8272FE4D1C65D50800AE8DD0 /* g8.png */ = {isa = PBXFileReference; lastKnownFileType = image.png; path = g8.png; sourceTree = "<group>"; };
		8272FE4E1C65D50800AE8DD0 /* g9.png */ = {isa = PBXFileReference; lastKnownFileType = image.png; path = g9.png; sourceTree = "<group>"; };
		8272FE501C65D50800AE8DD0 /* r1.png */ = {isa = PBXFileReference; lastKnownFileType = image.png; path = r1.png; sourceTree = "<group>"; };
		8272FE511C65D50800AE8DD0 /* r2.png */ = {isa = PBXFileReference; lastKnownFileType = image.png; path = r2.png; sourceTree = "<group>"; };
		8272FE521C65D50800AE8DD0 /* r3.png */ = {isa = PBXFileReference; lastKnownFileType = image.png; path = r3.png; sourceTree = "<group>"; };
		8272FE531C65D50800AE8DD0 /* r4.png */ = {isa = PBXFileReference; lastKnownFileType = image.png; path = r4.png; sourceTree = "<group>"; };
		8272FE541C65D50800AE8DD0 /* r5.png */ = {isa = PBXFileReference; lastKnownFileType = image.png; path = r5.png; sourceTree = "<group>"; };
		8272FE551C65D50800AE8DD0 /* r6.png */ = {isa = PBXFileReference; lastKnownFileType = image.png; path = r6.png; sourceTree = "<group>"; };
		8272FE561C65D50800AE8DD0 /* r7.png */ = {isa = PBXFileReference; lastKnownFileType = image.png; path = r7.png; sourceTree = "<group>"; };
		8272FE571C65D50800AE8DD0 /* r8.png */ = {isa = PBXFileReference; lastKnownFileType = image.png; path = r8.png; sourceTree = "<group>"; };
		8272FE581C65D50800AE8DD0 /* r9.png */ = {isa = PBXFileReference; lastKnownFileType = image.png; path = r9.png; sourceTree = "<group>"; };
		8272FE591C65D50800AE8DD0 /* start.png */ = {isa = PBXFileReference; lastKnownFileType = image.png; path = start.png; sourceTree = "<group>"; };
		8272FE5A1C65D50800AE8DD0 /* topBtn.png */ = {isa = PBXFileReference; lastKnownFileType = image.png; path = topBtn.png; sourceTree = "<group>"; };
		8272FE7A1C65D69400AE8DD0 /* GameViewController.swift */ = {isa = PBXFileReference; fileEncoding = 4; lastKnownFileType = sourcecode.swift; path = GameViewController.swift; sourceTree = "<group>"; };
/* End PBXFileReference section */

/* Begin PBXFrameworksBuildPhase section */
		8272FE1E1C65D4A600AE8DD0 /* Frameworks */ = {
			isa = PBXFrameworksBuildPhase;
			buildActionMask = 2147483647;
			files = (
			);
			runOnlyForDeploymentPostprocessing = 0;
		};
/* End PBXFrameworksBuildPhase section */

/* Begin PBXGroup section */
		8272FE181C65D4A600AE8DD0 = {
			isa = PBXGroup;
			children = (
				8272FE231C65D4A600AE8DD0 /* SimpleTouchTheNumber */,
				8272FE221C65D4A600AE8DD0 /* Products */,
			);
			sourceTree = "<group>";
		};
		8272FE221C65D4A600AE8DD0 /* Products */ = {
			isa = PBXGroup;
			children = (
				8272FE211C65D4A600AE8DD0 /* SimpleTouchTheNumber.app */,
			);
			name = Products;
			sourceTree = "<group>";
		};
		8272FE231C65D4A600AE8DD0 /* SimpleTouchTheNumber */ = {
			isa = PBXGroup;
			children = (
				8272FE241C65D4A600AE8DD0 /* AppDelegate.swift */,
				8272FE261C65D4A600AE8DD0 /* ViewController.swift */,
				8272FE281C65D4A600AE8DD0 /* Main.storyboard */,
				8272FE7A1C65D69400AE8DD0 /* GameViewController.swift */,
				8272FE2B1C65D4A600AE8DD0 /* Assets.xcassets */,
				8272FE2D1C65D4A600AE8DD0 /* LaunchScreen.storyboard */,
				8272FE301C65D4A600AE8DD0 /* Info.plist */,
				8272FE361C65D50800AE8DD0 /* Resource 4 */,
			);
			path = SimpleTouchTheNumber;
			sourceTree = "<group>";
		};
		8272FE361C65D50800AE8DD0 /* Resource 4 */ = {
			isa = PBXGroup;
			children = (
				8272FE371C65D50800AE8DD0 /* image */,
			);
			path = "Resource 4";
			sourceTree = "<group>";
		};
		8272FE371C65D50800AE8DD0 /* image */ = {
			isa = PBXGroup;
			children = (
				8272FE381C65D50800AE8DD0 /* _clear.png */,
				8272FE391C65D50800AE8DD0 /* black.png */,
				8272FE3A1C65D50800AE8DD0 /* numbers */,
				8272FE591C65D50800AE8DD0 /* start.png */,
				8272FE5A1C65D50800AE8DD0 /* topBtn.png */,
			);
			path = image;
			sourceTree = "<group>";
		};
		8272FE3A1C65D50800AE8DD0 /* numbers */ = {
			isa = PBXGroup;
			children = (
				8272FE3B1C65D50800AE8DD0 /* blue */,
				8272FE451C65D50800AE8DD0 /* green */,
				8272FE4F1C65D50800AE8DD0 /* red */,
			);
			path = numbers;
			sourceTree = "<group>";
		};
		8272FE3B1C65D50800AE8DD0 /* blue */ = {
			isa = PBXGroup;
			children = (
				8272FE3C1C65D50800AE8DD0 /* b1.png */,
				8272FE3D1C65D50800AE8DD0 /* b2.png */,
				8272FE3E1C65D50800AE8DD0 /* b3.png */,
				8272FE3F1C65D50800AE8DD0 /* b4.png */,
				8272FE401C65D50800AE8DD0 /* b5.png */,
				8272FE411C65D50800AE8DD0 /* b6.png */,
				8272FE421C65D50800AE8DD0 /* b7.png */,
				8272FE431C65D50800AE8DD0 /* b8.png */,
				8272FE441C65D50800AE8DD0 /* b9.png */,
			);
			path = blue;
			sourceTree = "<group>";
		};
		8272FE451C65D50800AE8DD0 /* green */ = {
			isa = PBXGroup;
			children = (
				8272FE461C65D50800AE8DD0 /* g1.png */,
				8272FE471C65D50800AE8DD0 /* g2.png */,
				8272FE481C65D50800AE8DD0 /* g3.png */,
				8272FE491C65D50800AE8DD0 /* g4.png */,
				8272FE4A1C65D50800AE8DD0 /* g5.png */,
				8272FE4B1C65D50800AE8DD0 /* g6.png */,
				8272FE4C1C65D50800AE8DD0 /* g7.png */,
				8272FE4D1C65D50800AE8DD0 /* g8.png */,
				8272FE4E1C65D50800AE8DD0 /* g9.png */,
			);
			path = green;
			sourceTree = "<group>";
		};
		8272FE4F1C65D50800AE8DD0 /* red */ = {
			isa = PBXGroup;
			children = (
				8272FE501C65D50800AE8DD0 /* r1.png */,
				8272FE511C65D50800AE8DD0 /* r2.png */,
				8272FE521C65D50800AE8DD0 /* r3.png */,
				8272FE531C65D50800AE8DD0 /* r4.png */,
				8272FE541C65D50800AE8DD0 /* r5.png */,
				8272FE551C65D50800AE8DD0 /* r6.png */,
				8272FE561C65D50800AE8DD0 /* r7.png */,
				8272FE571C65D50800AE8DD0 /* r8.png */,
				8272FE581C65D50800AE8DD0 /* r9.png */,
			);
			path = red;
			sourceTree = "<group>";
		};
/* End PBXGroup section */

/* Begin PBXNativeTarget section */
		8272FE201C65D4A600AE8DD0 /* SimpleTouchTheNumber */ = {
			isa = PBXNativeTarget;
			buildConfigurationList = 8272FE331C65D4A600AE8DD0 /* Build configuration list for PBXNativeTarget "SimpleTouchTheNumber" */;
			buildPhases = (
				8272FE1D1C65D4A600AE8DD0 /* Sources */,
				8272FE1E1C65D4A600AE8DD0 /* Frameworks */,
				8272FE1F1C65D4A600AE8DD0 /* Resources */,
			);
			buildRules = (
			);
			dependencies = (
			);
			name = SimpleTouchTheNumber;
			productName = SimpleTouchTheNumber;
			productReference = 8272FE211C65D4A600AE8DD0 /* SimpleTouchTheNumber.app */;
			productType = "com.apple.product-type.application";
		};
/* End PBXNativeTarget section */

/* Begin PBXProject section */
		8272FE191C65D4A600AE8DD0 /* Project object */ = {
			isa = PBXProject;
			attributes = {
				LastSwiftUpdateCheck = 0720;
				LastUpgradeCheck = 0720;
				ORGANIZATIONNAME = "keiichi, inoue";
				TargetAttributes = {
					8272FE201C65D4A600AE8DD0 = {
						CreatedOnToolsVersion = 7.2.1;
					};
				};
			};
			buildConfigurationList = 8272FE1C1C65D4A600AE8DD0 /* Build configuration list for PBXProject "SimpleTouchTheNumber" */;
			compatibilityVersion = "Xcode 3.2";
			developmentRegion = English;
			hasScannedForEncodings = 0;
			knownRegions = (
				en,
				Base,
			);
			mainGroup = 8272FE181C65D4A600AE8DD0;
			productRefGroup = 8272FE221C65D4A600AE8DD0 /* Products */;
			projectDirPath = "";
			projectRoot = "";
			targets = (
				8272FE201C65D4A600AE8DD0 /* SimpleTouchTheNumber */,
			);
		};
/* End PBXProject section */

/* Begin PBXResourcesBuildPhase section */
		8272FE1F1C65D4A600AE8DD0 /* Resources */ = {
			isa = PBXResourcesBuildPhase;
			buildActionMask = 2147483647;
			files = (
				8272FE751C65D50800AE8DD0 /* r7.png in Resources */,
				8272FE711C65D50800AE8DD0 /* r3.png in Resources */,
				8272FE641C65D50800AE8DD0 /* b8.png in Resources */,
				8272FE611C65D50800AE8DD0 /* b5.png in Resources */,
				8272FE771C65D50800AE8DD0 /* r9.png in Resources */,
				8272FE6D1C65D50800AE8DD0 /* g8.png in Resources */,
				8272FE741C65D50800AE8DD0 /* r6.png in Resources */,
				8272FE671C65D50800AE8DD0 /* g2.png in Resources */,
				8272FE651C65D50800AE8DD0 /* b9.png in Resources */,
				8272FE701C65D50800AE8DD0 /* r2.png in Resources */,
				8272FE2F1C65D4A600AE8DD0 /* LaunchScreen.storyboard in Resources */,
				8272FE631C65D50800AE8DD0 /* b7.png in Resources */,
				8272FE721C65D50800AE8DD0 /* r4.png in Resources */,
				8272FE621C65D50800AE8DD0 /* b6.png in Resources */,
				8272FE2C1C65D4A600AE8DD0 /* Assets.xcassets in Resources */,
				8272FE731C65D50800AE8DD0 /* r5.png in Resources */,
				8272FE5E1C65D50800AE8DD0 /* b2.png in Resources */,
				8272FE5D1C65D50800AE8DD0 /* b1.png in Resources */,
				8272FE6E1C65D50800AE8DD0 /* g9.png in Resources */,
				8272FE6F1C65D50800AE8DD0 /* r1.png in Resources */,
				8272FE6C1C65D50800AE8DD0 /* g7.png in Resources */,
				8272FE761C65D50800AE8DD0 /* r8.png in Resources */,
				8272FE6B1C65D50800AE8DD0 /* g6.png in Resources */,
				8272FE691C65D50800AE8DD0 /* g4.png in Resources */,
				8272FE2A1C65D4A600AE8DD0 /* Main.storyboard in Resources */,
				8272FE781C65D50800AE8DD0 /* start.png in Resources */,
				8272FE661C65D50800AE8DD0 /* g1.png in Resources */,
				8272FE5B1C65D50800AE8DD0 /* _clear.png in Resources */,
				8272FE6A1C65D50800AE8DD0 /* g5.png in Resources */,
				8272FE5F1C65D50800AE8DD0 /* b3.png in Resources */,
				8272FE791C65D50800AE8DD0 /* topBtn.png in Resources */,
				8272FE681C65D50800AE8DD0 /* g3.png in Resources */,
				8272FE5C1C65D50800AE8DD0 /* black.png in Resources */,
				8272FE601C65D50800AE8DD0 /* b4.png in Resources */,
			);
			runOnlyForDeploymentPostprocessing = 0;
		};
/* End PBXResourcesBuildPhase section */

/* Begin PBXSourcesBuildPhase section */
		8272FE1D1C65D4A600AE8DD0 /* Sources */ = {
			isa = PBXSourcesBuildPhase;
			buildActionMask = 2147483647;
			files = (
				8272FE271C65D4A600AE8DD0 /* ViewController.swift in Sources */,
				8272FE7B1C65D69400AE8DD0 /* GameViewController.swift in Sources */,
				8272FE251C65D4A600AE8DD0 /* AppDelegate.swift in Sources */,
			);
			runOnlyForDeploymentPostprocessing = 0;
		};
/* End PBXSourcesBuildPhase section */

/* Begin PBXVariantGroup section */
		8272FE281C65D4A600AE8DD0 /* Main.storyboard */ = {
			isa = PBXVariantGroup;
			children = (
				8272FE291C65D4A600AE8DD0 /* Base */,
			);
			name = Main.storyboard;
			sourceTree = "<group>";
		};
		8272FE2D1C65D4A600AE8DD0 /* LaunchScreen.storyboard */ = {
			isa = PBXVariantGroup;
			children = (
				8272FE2E1C65D4A600AE8DD0 /* Base */,
			);
			name = LaunchScreen.storyboard;
			sourceTree = "<group>";
		};
/* End PBXVariantGroup section */

/* Begin XCBuildConfiguration section */
		8272FE311C65D4A600AE8DD0 /* Debug */ = {
			isa = XCBuildConfiguration;
			buildSettings = {
				ALWAYS_SEARCH_USER_PATHS = NO;
				CLANG_CXX_LANGUAGE_STANDARD = "gnu++0x";
				CLANG_CXX_LIBRARY = "libc++";
				CLANG_ENABLE_MODULES = YES;
				CLANG_ENABLE_OBJC_ARC = YES;
				CLANG_WARN_BOOL_CONVERSION = YES;
				CLANG_WARN_CONSTANT_CONVERSION = YES;
				CLANG_WARN_DIRECT_OBJC_ISA_USAGE = YES_ERROR;
				CLANG_WARN_EMPTY_BODY = YES;
				CLANG_WARN_ENUM_CONVERSION = YES;
				CLANG_WARN_INT_CONVERSION = YES;
				CLANG_WARN_OBJC_ROOT_CLASS = YES_ERROR;
				CLANG_WARN_UNREACHABLE_CODE = YES;
				CLANG_WARN__DUPLICATE_METHOD_MATCH = YES;
				"CODE_SIGN_IDENTITY[sdk=iphoneos*]" = "iPhone Developer";
				COPY_PHASE_STRIP = NO;
				DEBUG_INFORMATION_FORMAT = dwarf;
				ENABLE_STRICT_OBJC_MSGSEND = YES;
				ENABLE_TESTABILITY = YES;
				GCC_C_LANGUAGE_STANDARD = gnu99;
				GCC_DYNAMIC_NO_PIC = NO;
				GCC_NO_COMMON_BLOCKS = YES;
				GCC_OPTIMIZATION_LEVEL = 0;
				GCC_PREPROCESSOR_DEFINITIONS = (
					"DEBUG=1",
					"$(inherited)",
				);
				GCC_WARN_64_TO_32_BIT_CONVERSION = YES;
				GCC_WARN_ABOUT_RETURN_TYPE = YES_ERROR;
				GCC_WARN_UNDECLARED_SELECTOR = YES;
				GCC_WARN_UNINITIALIZED_AUTOS = YES_AGGRESSIVE;
				GCC_WARN_UNUSED_FUNCTION = YES;
				GCC_WARN_UNUSED_VARIABLE = YES;
				IPHONEOS_DEPLOYMENT_TARGET = 9.2;
				MTL_ENABLE_DEBUG_INFO = YES;
				ONLY_ACTIVE_ARCH = YES;
				SDKROOT = iphoneos;
				SWIFT_OPTIMIZATION_LEVEL = "-Onone";
			};
			name = Debug;
		};
		8272FE321C65D4A600AE8DD0 /* Release */ = {
			isa = XCBuildConfiguration;
			buildSettings = {
				ALWAYS_SEARCH_USER_PATHS = NO;
				CLANG_CXX_LANGUAGE_STANDARD = "gnu++0x";
				CLANG_CXX_LIBRARY = "libc++";
				CLANG_ENABLE_MODULES = YES;
				CLANG_ENABLE_OBJC_ARC = YES;
				CLANG_WARN_BOOL_CONVERSION = YES;
				CLANG_WARN_CONSTANT_CONVERSION = YES;
				CLANG_WARN_DIRECT_OBJC_ISA_USAGE = YES_ERROR;
				CLANG_WARN_EMPTY_BODY = YES;
				CLANG_WARN_ENUM_CONVERSION = YES;
				CLANG_WARN_INT_CONVERSION = YES;
				CLANG_WARN_OBJC_ROOT_CLASS = YES_ERROR;
				CLANG_WARN_UNREACHABLE_CODE = YES;
				CLANG_WARN__DUPLICATE_METHOD_MATCH = YES;
				"CODE_SIGN_IDENTITY[sdk=iphoneos*]" = "iPhone Developer";
				COPY_PHASE_STRIP = NO;
				DEBUG_INFORMATION_FORMAT = "dwarf-with-dsym";
				ENABLE_NS_ASSERTIONS = NO;
				ENABLE_STRICT_OBJC_MSGSEND = YES;
				GCC_C_LANGUAGE_STANDARD = gnu99;
				GCC_NO_COMMON_BLOCKS = YES;
				GCC_WARN_64_TO_32_BIT_CONVERSION = YES;
				GCC_WARN_ABOUT_RETURN_TYPE = YES_ERROR;
				GCC_WARN_UNDECLARED_SELECTOR = YES;
				GCC_WARN_UNINITIALIZED_AUTOS = YES_AGGRESSIVE;
				GCC_WARN_UNUSED_FUNCTION = YES;
				GCC_WARN_UNUSED_VARIABLE = YES;
				IPHONEOS_DEPLOYMENT_TARGET = 9.2;
				MTL_ENABLE_DEBUG_INFO = NO;
				SDKROOT = iphoneos;
				VALIDATE_PRODUCT = YES;
			};
			name = Release;
		};
		8272FE341C65D4A600AE8DD0 /* Debug */ = {
			isa = XCBuildConfiguration;
			buildSettings = {
				ASSETCATALOG_COMPILER_APPICON_NAME = AppIcon;
				INFOPLIST_FILE = SimpleTouchTheNumber/Info.plist;
				LD_RUNPATH_SEARCH_PATHS = "$(inherited) @executable_path/Frameworks";
				PRODUCT_BUNDLE_IDENTIFIER = ino.fam.SimpleTouchTheNumber;
				PRODUCT_NAME = "$(TARGET_NAME)";
			};
			name = Debug;
		};
		8272FE351C65D4A600AE8DD0 /* Release */ = {
			isa = XCBuildConfiguration;
			buildSettings = {
				ASSETCATALOG_COMPILER_APPICON_NAME = AppIcon;
				INFOPLIST_FILE = SimpleTouchTheNumber/Info.plist;
				LD_RUNPATH_SEARCH_PATHS = "$(inherited) @executable_path/Frameworks";
				PRODUCT_BUNDLE_IDENTIFIER = ino.fam.SimpleTouchTheNumber;
				PRODUCT_NAME = "$(TARGET_NAME)";
			};
			name = Release;
		};
/* End XCBuildConfiguration section */

/* Begin XCConfigurationList section */
		8272FE1C1C65D4A600AE8DD0 /* Build configuration list for PBXProject "SimpleTouchTheNumber" */ = {
			isa = XCConfigurationList;
			buildConfigurations = (
				8272FE311C65D4A600AE8DD0 /* Debug */,
				8272FE321C65D4A600AE8DD0 /* Release */,
			);
			defaultConfigurationIsVisible = 0;
			defaultConfigurationName = Release;
		};
		8272FE331C65D4A600AE8DD0 /* Build configuration list for PBXNativeTarget "SimpleTouchTheNumber" */ = {
			isa = XCConfigurationList;
			buildConfigurations = (
				8272FE341C65D4A600AE8DD0 /* Debug */,
				8272FE351C65D4A600AE8DD0 /* Release */,
			);
			defaultConfigurationIsVisible = 0;
		};
/* End XCConfigurationList section */
	};
	rootObject = 8272FE191C65D4A600AE8DD0 /* Project object */;
}
